
Microsoft Visual Studio Solution File, Format Version 12.00
# Visual Studio Version 17
VisualStudioVersion = 17.3.32825.248
MinimumVisualStudioVersion = 10.0.40219.1
Project("{9A19103F-16F7-4668-BE54-9A1E7A4F7556}") = "SolidSloth.CodeAnalysis.TaskAnalyzers", "SolidSloth.CodeAnalysis.TaskAnalyzers\SolidSloth.CodeAnalysis.TaskAnalyzers\SolidSloth.CodeAnalysis.TaskAnalyzers.csproj", "{19F9D8AC-179B-4014-8A0C-657F4FD4CF83}"
EndProject
Project("{9A19103F-16F7-4668-BE54-9A1E7A4F7556}") = "SolidSloth.CodeAnalysis.TaskAnalyzers.CodeFixes", "SolidSloth.CodeAnalysis.TaskAnalyzers\SolidSloth.CodeAnalysis.TaskAnalyzers.CodeFixes\SolidSloth.CodeAnalysis.TaskAnalyzers.CodeFixes.csproj", "{174CE8A6-543B-40A3-9947-350DFEF5EA5B}"
EndProject
Project("{9A19103F-16F7-4668-BE54-9A1E7A4F7556}") = "SolidSloth.CodeAnalysis.TaskAnalyzers.Package", "SolidSloth.CodeAnalysis.TaskAnalyzers\SolidSloth.CodeAnalysis.TaskAnalyzers.Package\SolidSloth.CodeAnalysis.TaskAnalyzers.Package.csproj", "{DC60058A-D2D9-4FE7-AA41-F557F2C0BFDD}"
EndProject
Project("{9A19103F-16F7-4668-BE54-9A1E7A4F7556}") = "SolidSloth.CodeAnalysis.TaskAnalyzers.Test", "SolidSloth.CodeAnalysis.TaskAnalyzers\SolidSloth.CodeAnalysis.TaskAnalyzers.Test\SolidSloth.CodeAnalysis.TaskAnalyzers.Test.csproj", "{94D50D94-2115-4DA8-805C-34033097DAF0}"
EndProject
Project("{9A19103F-16F7-4668-BE54-9A1E7A4F7556}") = "SolidSloth.CodeAnalysis.TaskAnalyzers.Vsix", "SolidSloth.CodeAnalysis.TaskAnalyzers\SolidSloth.CodeAnalysis.TaskAnalyzers.Vsix\SolidSloth.CodeAnalysis.TaskAnalyzers.Vsix.csproj", "{D9EB13A9-BFD5-4474-8161-D9C1995DF27B}"
EndProject
Global
	GlobalSection(SolutionConfigurationPlatforms) = preSolution
		Debug|Any CPU = Debug|Any CPU
		Release|Any CPU = Release|Any CPU
	EndGlobalSection
	GlobalSection(ProjectConfigurationPlatforms) = postSolution
		{19F9D8AC-179B-4014-8A0C-657F4FD4CF83}.Debug|Any CPU.ActiveCfg = Debug|Any CPU
		{19F9D8AC-179B-4014-8A0C-657F4FD4CF83}.Debug|Any CPU.Build.0 = Debug|Any CPU
		{19F9D8AC-179B-4014-8A0C-657F4FD4CF83}.Release|Any CPU.ActiveCfg = Release|Any CPU
		{19F9D8AC-179B-4014-8A0C-657F4FD4CF83}.Release|Any CPU.Build.0 = Release|Any CPU
		{174CE8A6-543B-40A3-9947-350DFEF5EA5B}.Debug|Any CPU.ActiveCfg = Debug|Any CPU
		{174CE8A6-543B-40A3-9947-350DFEF5EA5B}.Debug|Any CPU.Build.0 = Debug|Any CPU
		{174CE8A6-543B-40A3-9947-350DFEF5EA5B}.Release|Any CPU.ActiveCfg = Release|Any CPU
		{174CE8A6-543B-40A3-9947-350DFEF5EA5B}.Release|Any CPU.Build.0 = Release|Any CPU
		{DC60058A-D2D9-4FE7-AA41-F557F2C0BFDD}.Debug|Any CPU.ActiveCfg = Debug|Any CPU
		{DC60058A-D2D9-4FE7-AA41-F557F2C0BFDD}.Debug|Any CPU.Build.0 = Debug|Any CPU
		{DC60058A-D2D9-4FE7-AA41-F557F2C0BFDD}.Release|Any CPU.ActiveCfg = Release|Any CPU
		{DC60058A-D2D9-4FE7-AA41-F557F2C0BFDD}.Release|Any CPU.Build.0 = Release|Any CPU
		{94D50D94-2115-4DA8-805C-34033097DAF0}.Debug|Any CPU.ActiveCfg = Debug|Any CPU
		{94D50D94-2115-4DA8-805C-34033097DAF0}.Debug|Any CPU.Build.0 = Debug|Any CPU
		{94D50D94-2115-4DA8-805C-34033097DAF0}.Release|Any CPU.ActiveCfg = Release|Any CPU
		{94D50D94-2115-4DA8-805C-34033097DAF0}.Release|Any CPU.Build.0 = Release|Any CPU
		{D9EB13A9-BFD5-4474-8161-D9C1995DF27B}.Debug|Any CPU.ActiveCfg = Debug|Any CPU
		{D9EB13A9-BFD5-4474-8161-D9C1995DF27B}.Debug|Any CPU.Build.0 = Debug|Any CPU
		{D9EB13A9-BFD5-4474-8161-D9C1995DF27B}.Release|Any CPU.ActiveCfg = Release|Any CPU
		{D9EB13A9-BFD5-4474-8161-D9C1995DF27B}.Release|Any CPU.Build.0 = Release|Any CPU
	EndGlobalSection
	GlobalSection(SolutionProperties) = preSolution
		HideSolutionNode = FALSE
	EndGlobalSection
	GlobalSection(ExtensibilityGlobals) = postSolution
		SolutionGuid = {67CEF278-E5CE-4134-88AA-7B2AADAAB24D}
	EndGlobalSection
EndGlobal
